
Microsoft Visual Studio Solution File, Format Version 12.00
# Visual Studio Version 16
VisualStudioVersion = 16.0.30323.103
MinimumVisualStudioVersion = 10.0.40219.1
Project("{FAE04EC0-301F-11D3-BF4B-00C04F79EFBC}") = "CalcSystemRaid", "RaidCalculator\CalcSystemRaid.csproj", "{5F0512A6-7037-4DE3-AB95-DA650FE55114}"
EndProject
Project("{54435603-DBB4-11D2-8724-00A0C9A8B90C}") = "SetupCalcSystemRaid", "SetupRaidCalculator\SetupRaidCalculator.vdproj", "{D026FA0E-44DD-4514-98E0-B77D758D2822}"
EndProject
Global
	GlobalSection(SolutionConfigurationPlatforms) = preSolution
		Debug|Any CPU = Debug|Any CPU
		Release|Any CPU = Release|Any CPU
	EndGlobalSection
	GlobalSection(ProjectConfigurationPlatforms) = postSolution
		{5F0512A6-7037-4DE3-AB95-DA650FE55114}.Debug|Any CPU.ActiveCfg = Release|Any CPU
		{5F0512A6-7037-4DE3-AB95-DA650FE55114}.Debug|Any CPU.Build.0 = Release|Any CPU
		{5F0512A6-7037-4DE3-AB95-DA650FE55114}.Release|Any CPU.ActiveCfg = Release|Any CPU
		{5F0512A6-7037-4DE3-AB95-DA650FE55114}.Release|Any CPU.Build.0 = Release|Any CPU
		{D026FA0E-44DD-4514-98E0-B77D758D2822}.Debug|Any CPU.ActiveCfg = Debug
		{D026FA0E-44DD-4514-98E0-B77D758D2822}.Release|Any CPU.ActiveCfg = Release
	EndGlobalSection
	GlobalSection(SolutionProperties) = preSolution
		HideSolutionNode = FALSE
	EndGlobalSection
	GlobalSection(ExtensibilityGlobals) = postSolution
		SolutionGuid = {766F19DE-8A76-4FFF-AB46-C84FE4DB2235}
	EndGlobalSection
EndGlobal
